{
    "graph_lock": {
        "nodes": {
            "0": {
                "ref": "libreoffice-solid/1.0.0",
                "requires": [
                    "1", "2", "3", "4"
                ],
                "build_requires": [],
                "python_requires": []
            },
            "1": {
                "ref": "boost/1.82.0",
                "requires": [],
                "build_requires": [],
                "python_requires": []
            },
            "2": {
                "ref": "openssl/1.1.1w",
                "requires": [],
                "build_requires": [],
                "python_requires": []
            },
            "3": {
                "ref": "libcurl/8.4.0",
                "requires": ["2"],
                "build_requires": [],
                "python_requires": []
            },
            "4": {
                "ref": "zlib/1.2.13",
                "requires": [],
                "build_requires": [],
                "python_requires": []
            }
        },
        "revisions": {
            "libreoffice-solid/1.0.0": "stable",
            "boost/1.82.0": "stable",
            "openssl/1.1.1w": "stable", 
            "libcurl/8.4.0": "stable",
            "zlib/1.2.13": "stable"
        }
    },
    "version": "0.4"
}